
Microsoft Visual Studio Solution File, Format Version 12.00
# Visual Studio Version 17
VisualStudioVersion = 17.2.32526.322
MinimumVisualStudioVersion = 10.0.40219.1
Project("{9A19103F-16F7-4668-BE54-9A1E7A4F7556}") = "SOLID", "SOLID\SOLID.csproj", "{7036F9DC-2852-4EFF-B0F6-CDD71463AEB3}"
EndProject
Project("{9A19103F-16F7-4668-BE54-9A1E7A4F7556}") = "InterviewExample", "InterviewExample\InterviewExample.csproj", "{E1A749F5-A5C3-4D26-9478-C36F12CA9C5D}"
EndProject
Project("{9A19103F-16F7-4668-BE54-9A1E7A4F7556}") = "AllDotNetInterfaces", "AllDotNetInterfaces\AllDotNetInterfaces.csproj", "{0A0B1EAA-D09E-44F6-AA3D-9948F9B6E7EC}"
EndProject
Project("{9A19103F-16F7-4668-BE54-9A1E7A4F7556}") = "ProgrammingQuestions", "ProgrammingQuestions\ProgrammingQuestions.csproj", "{6D425772-4709-472F-9FB6-5740417FE402}"
EndProject
Project("{9A19103F-16F7-4668-BE54-9A1E7A4F7556}") = "CSharpHistory", "CSharpHistory\CSharpHistory.csproj", "{EEDE5A32-8D06-4AD2-9C3D-A2B2740B4FD7}"
EndProject
Project("{9A19103F-16F7-4668-BE54-9A1E7A4F7556}") = "Benchmark", "Benchmark\Benchmark.csproj", "{96982967-A545-40E6-8899-7564613AADA8}"
EndProject
Project("{9A19103F-16F7-4668-BE54-9A1E7A4F7556}") = "WebApi", "WebApi\WebApi.csproj", "{F1EC717F-E779-4098-BE38-3424C507EA21}"
EndProject
Project("{9A19103F-16F7-4668-BE54-9A1E7A4F7556}") = "PoCs", "PoCs\PoCs.csproj", "{40258EF4-3E95-4FEA-81F0-00A7A77722A6}"
EndProject
Project("{9A19103F-16F7-4668-BE54-9A1E7A4F7556}") = "Types", "Types\Types.csproj", "{379E1E63-A542-4A31-94F1-E83DA01F6648}"
EndProject
Project("{2150E333-8FDC-42A3-9474-1A3956D46DE8}") = "tests", "tests", "{51660938-2A41-4D02-ACC1-5630E9643D20}"
EndProject
Project("{9A19103F-16F7-4668-BE54-9A1E7A4F7556}") = "XUnitTests", "XUnitTests\XUnitTests.csproj", "{BB426D5D-8225-4422-9FDA-0C5A5BB2DAF5}"
EndProject
Project("{2150E333-8FDC-42A3-9474-1A3956D46DE8}") = "performance-notes", "performance-notes", "{4B20E6CB-962D-46D8-8421-FB029E5E2BB4}"
	ProjectSection(SolutionItems) = preProject
		PerformanceTipstxt.txt = PerformanceTipstxt.txt
	EndProjectSection
EndProject
Project("{9A19103F-16F7-4668-BE54-9A1E7A4F7556}") = "RedisPlayground", "RedisPlayground\RedisPlayground.csproj", "{48377EDA-C51A-42DA-988D-9C03D316E0D1}"
EndProject
Project("{9A19103F-16F7-4668-BE54-9A1E7A4F7556}") = "OrleansExample", "OrleansExample\OrleansExample.csproj", "{95BD4371-D5F1-4FEE-B0BD-2C0FC8A6BAF5}"
EndProject
Project("{2150E333-8FDC-42A3-9474-1A3956D46DE8}") = "Gc-notes", "Gc-notes", "{D293F252-EF45-4C88-AC0C-D90F4BA3398E}"
	ProjectSection(SolutionItems) = preProject
		notes.txt = notes.txt
	EndProjectSection
EndProject
Global
	GlobalSection(SolutionConfigurationPlatforms) = preSolution
		Debug|Any CPU = Debug|Any CPU
		Release|Any CPU = Release|Any CPU
	EndGlobalSection
	GlobalSection(ProjectConfigurationPlatforms) = postSolution
		{7036F9DC-2852-4EFF-B0F6-CDD71463AEB3}.Debug|Any CPU.ActiveCfg = Debug|Any CPU
		{7036F9DC-2852-4EFF-B0F6-CDD71463AEB3}.Debug|Any CPU.Build.0 = Debug|Any CPU
		{7036F9DC-2852-4EFF-B0F6-CDD71463AEB3}.Release|Any CPU.ActiveCfg = Release|Any CPU
		{7036F9DC-2852-4EFF-B0F6-CDD71463AEB3}.Release|Any CPU.Build.0 = Release|Any CPU
		{E1A749F5-A5C3-4D26-9478-C36F12CA9C5D}.Debug|Any CPU.ActiveCfg = Debug|Any CPU
		{E1A749F5-A5C3-4D26-9478-C36F12CA9C5D}.Debug|Any CPU.Build.0 = Debug|Any CPU
		{E1A749F5-A5C3-4D26-9478-C36F12CA9C5D}.Release|Any CPU.ActiveCfg = Release|Any CPU
		{E1A749F5-A5C3-4D26-9478-C36F12CA9C5D}.Release|Any CPU.Build.0 = Release|Any CPU
		{0A0B1EAA-D09E-44F6-AA3D-9948F9B6E7EC}.Debug|Any CPU.ActiveCfg = Debug|Any CPU
		{0A0B1EAA-D09E-44F6-AA3D-9948F9B6E7EC}.Debug|Any CPU.Build.0 = Debug|Any CPU
		{0A0B1EAA-D09E-44F6-AA3D-9948F9B6E7EC}.Release|Any CPU.ActiveCfg = Release|Any CPU
		{0A0B1EAA-D09E-44F6-AA3D-9948F9B6E7EC}.Release|Any CPU.Build.0 = Release|Any CPU
		{6D425772-4709-472F-9FB6-5740417FE402}.Debug|Any CPU.ActiveCfg = Debug|Any CPU
		{6D425772-4709-472F-9FB6-5740417FE402}.Debug|Any CPU.Build.0 = Debug|Any CPU
		{6D425772-4709-472F-9FB6-5740417FE402}.Release|Any CPU.ActiveCfg = Release|Any CPU
		{6D425772-4709-472F-9FB6-5740417FE402}.Release|Any CPU.Build.0 = Release|Any CPU
		{EEDE5A32-8D06-4AD2-9C3D-A2B2740B4FD7}.Debug|Any CPU.ActiveCfg = Debug|Any CPU
		{EEDE5A32-8D06-4AD2-9C3D-A2B2740B4FD7}.Debug|Any CPU.Build.0 = Debug|Any CPU
		{EEDE5A32-8D06-4AD2-9C3D-A2B2740B4FD7}.Release|Any CPU.ActiveCfg = Release|Any CPU
		{EEDE5A32-8D06-4AD2-9C3D-A2B2740B4FD7}.Release|Any CPU.Build.0 = Release|Any CPU
		{96982967-A545-40E6-8899-7564613AADA8}.Debug|Any CPU.ActiveCfg = Debug|Any CPU
		{96982967-A545-40E6-8899-7564613AADA8}.Debug|Any CPU.Build.0 = Debug|Any CPU
		{96982967-A545-40E6-8899-7564613AADA8}.Release|Any CPU.ActiveCfg = Release|Any CPU
		{96982967-A545-40E6-8899-7564613AADA8}.Release|Any CPU.Build.0 = Release|Any CPU
		{F1EC717F-E779-4098-BE38-3424C507EA21}.Debug|Any CPU.ActiveCfg = Debug|Any CPU
		{F1EC717F-E779-4098-BE38-3424C507EA21}.Debug|Any CPU.Build.0 = Debug|Any CPU
		{F1EC717F-E779-4098-BE38-3424C507EA21}.Release|Any CPU.ActiveCfg = Release|Any CPU
		{F1EC717F-E779-4098-BE38-3424C507EA21}.Release|Any CPU.Build.0 = Release|Any CPU
		{40258EF4-3E95-4FEA-81F0-00A7A77722A6}.Debug|Any CPU.ActiveCfg = Debug|Any CPU
		{40258EF4-3E95-4FEA-81F0-00A7A77722A6}.Debug|Any CPU.Build.0 = Debug|Any CPU
		{40258EF4-3E95-4FEA-81F0-00A7A77722A6}.Release|Any CPU.ActiveCfg = Release|Any CPU
		{40258EF4-3E95-4FEA-81F0-00A7A77722A6}.Release|Any CPU.Build.0 = Release|Any CPU
		{379E1E63-A542-4A31-94F1-E83DA01F6648}.Debug|Any CPU.ActiveCfg = Debug|Any CPU
		{379E1E63-A542-4A31-94F1-E83DA01F6648}.Debug|Any CPU.Build.0 = Debug|Any CPU
		{379E1E63-A542-4A31-94F1-E83DA01F6648}.Release|Any CPU.ActiveCfg = Release|Any CPU
		{379E1E63-A542-4A31-94F1-E83DA01F6648}.Release|Any CPU.Build.0 = Release|Any CPU
		{BB426D5D-8225-4422-9FDA-0C5A5BB2DAF5}.Debug|Any CPU.ActiveCfg = Debug|Any CPU
		{BB426D5D-8225-4422-9FDA-0C5A5BB2DAF5}.Debug|Any CPU.Build.0 = Debug|Any CPU
		{BB426D5D-8225-4422-9FDA-0C5A5BB2DAF5}.Release|Any CPU.ActiveCfg = Release|Any CPU
		{BB426D5D-8225-4422-9FDA-0C5A5BB2DAF5}.Release|Any CPU.Build.0 = Release|Any CPU
		{48377EDA-C51A-42DA-988D-9C03D316E0D1}.Debug|Any CPU.ActiveCfg = Debug|Any CPU
		{48377EDA-C51A-42DA-988D-9C03D316E0D1}.Debug|Any CPU.Build.0 = Debug|Any CPU
		{48377EDA-C51A-42DA-988D-9C03D316E0D1}.Release|Any CPU.ActiveCfg = Release|Any CPU
		{48377EDA-C51A-42DA-988D-9C03D316E0D1}.Release|Any CPU.Build.0 = Release|Any CPU
		{95BD4371-D5F1-4FEE-B0BD-2C0FC8A6BAF5}.Debug|Any CPU.ActiveCfg = Debug|Any CPU
		{95BD4371-D5F1-4FEE-B0BD-2C0FC8A6BAF5}.Debug|Any CPU.Build.0 = Debug|Any CPU
		{95BD4371-D5F1-4FEE-B0BD-2C0FC8A6BAF5}.Release|Any CPU.ActiveCfg = Release|Any CPU
		{95BD4371-D5F1-4FEE-B0BD-2C0FC8A6BAF5}.Release|Any CPU.Build.0 = Release|Any CPU
	EndGlobalSection
	GlobalSection(SolutionProperties) = preSolution
		HideSolutionNode = FALSE
	EndGlobalSection
	GlobalSection(NestedProjects) = preSolution
		{BB426D5D-8225-4422-9FDA-0C5A5BB2DAF5} = {51660938-2A41-4D02-ACC1-5630E9643D20}
	EndGlobalSection
	GlobalSection(ExtensibilityGlobals) = postSolution
		SolutionGuid = {D1640BA4-EDBC-40AD-B6F1-64B90C8CCF41}
	EndGlobalSection
EndGlobal
