
Microsoft Visual Studio Solution File, Format Version 12.00
# Visual Studio Version 17
VisualStudioVersion = 17.2.32526.322
MinimumVisualStudioVersion = 10.0.40219.1
Project("{FAE04EC0-301F-11D3-BF4B-00C04F79EFBC}") = "SOLID", "SOLID\SOLID.csproj", "{7036F9DC-2852-4EFF-B0F6-CDD71463AEB3}"
EndProject
Global
	GlobalSection(SolutionConfigurationPlatforms) = preSolution
		Debug|Any CPU = Debug|Any CPU
		Release|Any CPU = Release|Any CPU
	EndGlobalSection
	GlobalSection(ProjectConfigurationPlatforms) = postSolution
		{7036F9DC-2852-4EFF-B0F6-CDD71463AEB3}.Debug|Any CPU.ActiveCfg = Debug|Any CPU
		{7036F9DC-2852-4EFF-B0F6-CDD71463AEB3}.Debug|Any CPU.Build.0 = Debug|Any CPU
		{7036F9DC-2852-4EFF-B0F6-CDD71463AEB3}.Release|Any CPU.ActiveCfg = Release|Any CPU
		{7036F9DC-2852-4EFF-B0F6-CDD71463AEB3}.Release|Any CPU.Build.0 = Release|Any CPU
	EndGlobalSection
	GlobalSection(SolutionProperties) = preSolution
		HideSolutionNode = FALSE
	EndGlobalSection
	GlobalSection(ExtensibilityGlobals) = postSolution
		SolutionGuid = {D1640BA4-EDBC-40AD-B6F1-64B90C8CCF41}
	EndGlobalSection
EndGlobal
