
Microsoft Visual Studio Solution File, Format Version 12.00
# Visual Studio Version 17
VisualStudioVersion = 17.2.32526.322
MinimumVisualStudioVersion = 10.0.40219.1
Project("{9A19103F-16F7-4668-BE54-9A1E7A4F7556}") = "SOLID", "SOLID\SOLID.csproj", "{7036F9DC-2852-4EFF-B0F6-CDD71463AEB3}"
EndProject
Project("{9A19103F-16F7-4668-BE54-9A1E7A4F7556}") = "InterviewExample", "InterviewExample\InterviewExample.csproj", "{E1A749F5-A5C3-4D26-9478-C36F12CA9C5D}"
EndProject
Project("{9A19103F-16F7-4668-BE54-9A1E7A4F7556}") = "AllDotNetInterfaces", "AllDotNetInterfaces\AllDotNetInterfaces.csproj", "{0A0B1EAA-D09E-44F6-AA3D-9948F9B6E7EC}"
EndProject
Project("{9A19103F-16F7-4668-BE54-9A1E7A4F7556}") = "ProgrammingQuestions", "ProgrammingQuestions\ProgrammingQuestions.csproj", "{6D425772-4709-472F-9FB6-5740417FE402}"
EndProject
Project("{9A19103F-16F7-4668-BE54-9A1E7A4F7556}") = "CSharpHistory", "CSharpHistory\CSharpHistory.csproj", "{EEDE5A32-8D06-4AD2-9C3D-A2B2740B4FD7}"
EndProject
Project("{9A19103F-16F7-4668-BE54-9A1E7A4F7556}") = "Benchmark", "Benchmark\Benchmark.csproj", "{96982967-A545-40E6-8899-7564613AADA8}"
EndProject
Project("{9A19103F-16F7-4668-BE54-9A1E7A4F7556}") = "WeatherExample", "WebApi\WeatherExample.csproj", "{F1EC717F-E779-4098-BE38-3424C507EA21}"
EndProject
Project("{9A19103F-16F7-4668-BE54-9A1E7A4F7556}") = "FeatureExamples", "Types\FeatureExamples.csproj", "{379E1E63-A542-4A31-94F1-E83DA01F6648}"
EndProject
Project("{2150E333-8FDC-42A3-9474-1A3956D46DE8}") = "Tests", "Tests", "{51660938-2A41-4D02-ACC1-5630E9643D20}"
EndProject
Project("{9A19103F-16F7-4668-BE54-9A1E7A4F7556}") = "XUnit.Tests", "XUnitTests\XUnit.Tests.csproj", "{BB426D5D-8225-4422-9FDA-0C5A5BB2DAF5}"
EndProject
Project("{2150E333-8FDC-42A3-9474-1A3956D46DE8}") = "Notes", "Notes", "{4B20E6CB-962D-46D8-8421-FB029E5E2BB4}"
	ProjectSection(SolutionItems) = preProject
		CommonMistakes.txt = CommonMistakes.txt
		GC-notes.txt = GC-notes.txt
		PerformanceTipstxt.txt = PerformanceTipstxt.txt
	EndProjectSection
EndProject
Project("{9A19103F-16F7-4668-BE54-9A1E7A4F7556}") = "RedisPlayground", "RedisPlayground\RedisPlayground.csproj", "{48377EDA-C51A-42DA-988D-9C03D316E0D1}"
EndProject
Project("{9A19103F-16F7-4668-BE54-9A1E7A4F7556}") = "OrleansPlayground", "OrleansExample\OrleansPlayground.csproj", "{95BD4371-D5F1-4FEE-B0BD-2C0FC8A6BAF5}"
EndProject
Project("{9A19103F-16F7-4668-BE54-9A1E7A4F7556}") = "CouchbasePlayground", "CouchbasePlayground\CouchbasePlayground.csproj", "{49A6C14D-064D-48FC-9C2F-0D176391E4CD}"
EndProject
Project("{2150E333-8FDC-42A3-9474-1A3956D46DE8}") = "Playgrounds", "Playgrounds", "{1464008C-B2A5-4C6F-8F59-EB491F4658C0}"
EndProject
Project("{2150E333-8FDC-42A3-9474-1A3956D46DE8}") = "UnitTests", "UnitTests", "{B27E2039-695D-4144-A2F1-1655113D5011}"
EndProject
Project("{2150E333-8FDC-42A3-9474-1A3956D46DE8}") = "IntegrationTests", "IntegrationTests", "{6A32B359-2518-45B5-A290-0CFE85730748}"
EndProject
Project("{2150E333-8FDC-42A3-9474-1A3956D46DE8}") = "Interview", "Interview", "{E0DF73A6-7462-4F95-A1FE-EDFEF89985F9}"
EndProject
Project("{9A19103F-16F7-4668-BE54-9A1E7A4F7556}") = "TestProject", "TestProject\TestProject.csproj", "{A4F98FC6-F8B4-41D7-BE9B-6A8938049D9B}"
EndProject
Project("{9A19103F-16F7-4668-BE54-9A1E7A4F7556}") = "ProductAPI", "ProductAPI\ProductAPI.csproj", "{4CC5792A-228D-4245-B9AC-9487A1D465D0}"
EndProject
Project("{2150E333-8FDC-42A3-9474-1A3956D46DE8}") = "Fundamentals", "Fundamentals", "{BAE90784-5017-41F3-B77A-E5E0E490D522}"
EndProject
Project("{9A19103F-16F7-4668-BE54-9A1E7A4F7556}") = "CSharpFundamentals", "CSharpFundamentals\CSharpFundamentals.csproj", "{D2AAFC67-8E46-4D48-8CBE-6AE1FCAB5328}"
EndProject
Project("{9A19103F-16F7-4668-BE54-9A1E7A4F7556}") = "Preview", "Preview\Preview.csproj", "{5B9896B6-4560-4F87-8509-9A30332A2194}"
EndProject
Project("{2150E333-8FDC-42A3-9474-1A3956D46DE8}") = "Solution Items", "Solution Items", "{0E5479D3-B967-4761-9BDE-AD4ABFB0F66D}"
	ProjectSection(SolutionItems) = preProject
		.editorconfig = .editorconfig
	EndProjectSection
EndProject
Project("{9A19103F-16F7-4668-BE54-9A1E7A4F7556}") = "PollyPlayground", "PollyExample\PollyPlayground.csproj", "{7AADEFE8-1B99-40F0-A82A-6465CC29B21F}"
EndProject
Project("{FAE04EC0-301F-11D3-BF4B-00C04F79EFBC}") = "FastVerticalSlices", "FastVerticalSlices\FastVerticalSlices.csproj", "{37B323A5-E80B-42C4-9C7B-C1512FAB2052}"
EndProject
Project("{FAE04EC0-301F-11D3-BF4B-00C04F79EFBC}") = "ArchitecturalUnitTest", "ArchitecturalUnitTest\ArchitecturalUnitTest.csproj", "{157BB0E2-4D33-44C7-A8F5-849584E9A3B2}"
EndProject
Project("{FAE04EC0-301F-11D3-BF4B-00C04F79EFBC}") = "RandomLibraries", "RandomLibraries\RandomLibraries.csproj", "{E7362746-44EC-44BF-8E20-4B03AB6D134A}"
EndProject
Global
	GlobalSection(SolutionConfigurationPlatforms) = preSolution
		Debug|Any CPU = Debug|Any CPU
		Release|Any CPU = Release|Any CPU
	EndGlobalSection
	GlobalSection(ProjectConfigurationPlatforms) = postSolution
		{7036F9DC-2852-4EFF-B0F6-CDD71463AEB3}.Debug|Any CPU.ActiveCfg = Debug|Any CPU
		{7036F9DC-2852-4EFF-B0F6-CDD71463AEB3}.Debug|Any CPU.Build.0 = Debug|Any CPU
		{7036F9DC-2852-4EFF-B0F6-CDD71463AEB3}.Release|Any CPU.ActiveCfg = Release|Any CPU
		{7036F9DC-2852-4EFF-B0F6-CDD71463AEB3}.Release|Any CPU.Build.0 = Release|Any CPU
		{E1A749F5-A5C3-4D26-9478-C36F12CA9C5D}.Debug|Any CPU.ActiveCfg = Debug|Any CPU
		{E1A749F5-A5C3-4D26-9478-C36F12CA9C5D}.Debug|Any CPU.Build.0 = Debug|Any CPU
		{E1A749F5-A5C3-4D26-9478-C36F12CA9C5D}.Release|Any CPU.ActiveCfg = Release|Any CPU
		{E1A749F5-A5C3-4D26-9478-C36F12CA9C5D}.Release|Any CPU.Build.0 = Release|Any CPU
		{0A0B1EAA-D09E-44F6-AA3D-9948F9B6E7EC}.Debug|Any CPU.ActiveCfg = Debug|Any CPU
		{0A0B1EAA-D09E-44F6-AA3D-9948F9B6E7EC}.Debug|Any CPU.Build.0 = Debug|Any CPU
		{0A0B1EAA-D09E-44F6-AA3D-9948F9B6E7EC}.Release|Any CPU.ActiveCfg = Release|Any CPU
		{0A0B1EAA-D09E-44F6-AA3D-9948F9B6E7EC}.Release|Any CPU.Build.0 = Release|Any CPU
		{6D425772-4709-472F-9FB6-5740417FE402}.Debug|Any CPU.ActiveCfg = Debug|Any CPU
		{6D425772-4709-472F-9FB6-5740417FE402}.Debug|Any CPU.Build.0 = Debug|Any CPU
		{6D425772-4709-472F-9FB6-5740417FE402}.Release|Any CPU.ActiveCfg = Release|Any CPU
		{6D425772-4709-472F-9FB6-5740417FE402}.Release|Any CPU.Build.0 = Release|Any CPU
		{EEDE5A32-8D06-4AD2-9C3D-A2B2740B4FD7}.Debug|Any CPU.ActiveCfg = Debug|Any CPU
		{EEDE5A32-8D06-4AD2-9C3D-A2B2740B4FD7}.Debug|Any CPU.Build.0 = Debug|Any CPU
		{EEDE5A32-8D06-4AD2-9C3D-A2B2740B4FD7}.Release|Any CPU.ActiveCfg = Release|Any CPU
		{EEDE5A32-8D06-4AD2-9C3D-A2B2740B4FD7}.Release|Any CPU.Build.0 = Release|Any CPU
		{96982967-A545-40E6-8899-7564613AADA8}.Debug|Any CPU.ActiveCfg = Debug|Any CPU
		{96982967-A545-40E6-8899-7564613AADA8}.Debug|Any CPU.Build.0 = Debug|Any CPU
		{96982967-A545-40E6-8899-7564613AADA8}.Release|Any CPU.ActiveCfg = Release|Any CPU
		{96982967-A545-40E6-8899-7564613AADA8}.Release|Any CPU.Build.0 = Release|Any CPU
		{F1EC717F-E779-4098-BE38-3424C507EA21}.Debug|Any CPU.ActiveCfg = Debug|Any CPU
		{F1EC717F-E779-4098-BE38-3424C507EA21}.Debug|Any CPU.Build.0 = Debug|Any CPU
		{F1EC717F-E779-4098-BE38-3424C507EA21}.Release|Any CPU.ActiveCfg = Release|Any CPU
		{F1EC717F-E779-4098-BE38-3424C507EA21}.Release|Any CPU.Build.0 = Release|Any CPU
		{379E1E63-A542-4A31-94F1-E83DA01F6648}.Debug|Any CPU.ActiveCfg = Debug|Any CPU
		{379E1E63-A542-4A31-94F1-E83DA01F6648}.Debug|Any CPU.Build.0 = Debug|Any CPU
		{379E1E63-A542-4A31-94F1-E83DA01F6648}.Release|Any CPU.ActiveCfg = Release|Any CPU
		{379E1E63-A542-4A31-94F1-E83DA01F6648}.Release|Any CPU.Build.0 = Release|Any CPU
		{BB426D5D-8225-4422-9FDA-0C5A5BB2DAF5}.Debug|Any CPU.ActiveCfg = Debug|Any CPU
		{BB426D5D-8225-4422-9FDA-0C5A5BB2DAF5}.Debug|Any CPU.Build.0 = Debug|Any CPU
		{BB426D5D-8225-4422-9FDA-0C5A5BB2DAF5}.Release|Any CPU.ActiveCfg = Release|Any CPU
		{BB426D5D-8225-4422-9FDA-0C5A5BB2DAF5}.Release|Any CPU.Build.0 = Release|Any CPU
		{48377EDA-C51A-42DA-988D-9C03D316E0D1}.Debug|Any CPU.ActiveCfg = Debug|Any CPU
		{48377EDA-C51A-42DA-988D-9C03D316E0D1}.Debug|Any CPU.Build.0 = Debug|Any CPU
		{48377EDA-C51A-42DA-988D-9C03D316E0D1}.Release|Any CPU.ActiveCfg = Release|Any CPU
		{48377EDA-C51A-42DA-988D-9C03D316E0D1}.Release|Any CPU.Build.0 = Release|Any CPU
		{95BD4371-D5F1-4FEE-B0BD-2C0FC8A6BAF5}.Debug|Any CPU.ActiveCfg = Debug|Any CPU
		{95BD4371-D5F1-4FEE-B0BD-2C0FC8A6BAF5}.Debug|Any CPU.Build.0 = Debug|Any CPU
		{95BD4371-D5F1-4FEE-B0BD-2C0FC8A6BAF5}.Release|Any CPU.ActiveCfg = Release|Any CPU
		{95BD4371-D5F1-4FEE-B0BD-2C0FC8A6BAF5}.Release|Any CPU.Build.0 = Release|Any CPU
		{49A6C14D-064D-48FC-9C2F-0D176391E4CD}.Debug|Any CPU.ActiveCfg = Debug|Any CPU
		{49A6C14D-064D-48FC-9C2F-0D176391E4CD}.Debug|Any CPU.Build.0 = Debug|Any CPU
		{49A6C14D-064D-48FC-9C2F-0D176391E4CD}.Release|Any CPU.ActiveCfg = Release|Any CPU
		{49A6C14D-064D-48FC-9C2F-0D176391E4CD}.Release|Any CPU.Build.0 = Release|Any CPU
		{A4F98FC6-F8B4-41D7-BE9B-6A8938049D9B}.Debug|Any CPU.ActiveCfg = Debug|Any CPU
		{A4F98FC6-F8B4-41D7-BE9B-6A8938049D9B}.Debug|Any CPU.Build.0 = Debug|Any CPU
		{A4F98FC6-F8B4-41D7-BE9B-6A8938049D9B}.Release|Any CPU.ActiveCfg = Release|Any CPU
		{A4F98FC6-F8B4-41D7-BE9B-6A8938049D9B}.Release|Any CPU.Build.0 = Release|Any CPU
		{4CC5792A-228D-4245-B9AC-9487A1D465D0}.Debug|Any CPU.ActiveCfg = Debug|Any CPU
		{4CC5792A-228D-4245-B9AC-9487A1D465D0}.Debug|Any CPU.Build.0 = Debug|Any CPU
		{4CC5792A-228D-4245-B9AC-9487A1D465D0}.Release|Any CPU.ActiveCfg = Release|Any CPU
		{4CC5792A-228D-4245-B9AC-9487A1D465D0}.Release|Any CPU.Build.0 = Release|Any CPU
		{D2AAFC67-8E46-4D48-8CBE-6AE1FCAB5328}.Debug|Any CPU.ActiveCfg = Debug|Any CPU
		{D2AAFC67-8E46-4D48-8CBE-6AE1FCAB5328}.Debug|Any CPU.Build.0 = Debug|Any CPU
		{D2AAFC67-8E46-4D48-8CBE-6AE1FCAB5328}.Release|Any CPU.ActiveCfg = Release|Any CPU
		{D2AAFC67-8E46-4D48-8CBE-6AE1FCAB5328}.Release|Any CPU.Build.0 = Release|Any CPU
		{5B9896B6-4560-4F87-8509-9A30332A2194}.Debug|Any CPU.ActiveCfg = Debug|Any CPU
		{5B9896B6-4560-4F87-8509-9A30332A2194}.Debug|Any CPU.Build.0 = Debug|Any CPU
		{5B9896B6-4560-4F87-8509-9A30332A2194}.Release|Any CPU.ActiveCfg = Release|Any CPU
		{5B9896B6-4560-4F87-8509-9A30332A2194}.Release|Any CPU.Build.0 = Release|Any CPU
		{7AADEFE8-1B99-40F0-A82A-6465CC29B21F}.Debug|Any CPU.ActiveCfg = Debug|Any CPU
		{7AADEFE8-1B99-40F0-A82A-6465CC29B21F}.Debug|Any CPU.Build.0 = Debug|Any CPU
		{7AADEFE8-1B99-40F0-A82A-6465CC29B21F}.Release|Any CPU.ActiveCfg = Release|Any CPU
		{7AADEFE8-1B99-40F0-A82A-6465CC29B21F}.Release|Any CPU.Build.0 = Release|Any CPU
		{37B323A5-E80B-42C4-9C7B-C1512FAB2052}.Debug|Any CPU.ActiveCfg = Debug|Any CPU
		{37B323A5-E80B-42C4-9C7B-C1512FAB2052}.Debug|Any CPU.Build.0 = Debug|Any CPU
		{37B323A5-E80B-42C4-9C7B-C1512FAB2052}.Release|Any CPU.ActiveCfg = Release|Any CPU
		{37B323A5-E80B-42C4-9C7B-C1512FAB2052}.Release|Any CPU.Build.0 = Release|Any CPU
		{157BB0E2-4D33-44C7-A8F5-849584E9A3B2}.Debug|Any CPU.ActiveCfg = Debug|Any CPU
		{157BB0E2-4D33-44C7-A8F5-849584E9A3B2}.Debug|Any CPU.Build.0 = Debug|Any CPU
		{157BB0E2-4D33-44C7-A8F5-849584E9A3B2}.Release|Any CPU.ActiveCfg = Release|Any CPU
		{157BB0E2-4D33-44C7-A8F5-849584E9A3B2}.Release|Any CPU.Build.0 = Release|Any CPU
		{E7362746-44EC-44BF-8E20-4B03AB6D134A}.Debug|Any CPU.ActiveCfg = Debug|Any CPU
		{E7362746-44EC-44BF-8E20-4B03AB6D134A}.Debug|Any CPU.Build.0 = Debug|Any CPU
		{E7362746-44EC-44BF-8E20-4B03AB6D134A}.Release|Any CPU.ActiveCfg = Release|Any CPU
		{E7362746-44EC-44BF-8E20-4B03AB6D134A}.Release|Any CPU.Build.0 = Release|Any CPU
	EndGlobalSection
	GlobalSection(SolutionProperties) = preSolution
		HideSolutionNode = FALSE
	EndGlobalSection
	GlobalSection(NestedProjects) = preSolution
		{E1A749F5-A5C3-4D26-9478-C36F12CA9C5D} = {E0DF73A6-7462-4F95-A1FE-EDFEF89985F9}
		{6D425772-4709-472F-9FB6-5740417FE402} = {E0DF73A6-7462-4F95-A1FE-EDFEF89985F9}
		{BB426D5D-8225-4422-9FDA-0C5A5BB2DAF5} = {B27E2039-695D-4144-A2F1-1655113D5011}
		{48377EDA-C51A-42DA-988D-9C03D316E0D1} = {1464008C-B2A5-4C6F-8F59-EB491F4658C0}
		{95BD4371-D5F1-4FEE-B0BD-2C0FC8A6BAF5} = {1464008C-B2A5-4C6F-8F59-EB491F4658C0}
		{49A6C14D-064D-48FC-9C2F-0D176391E4CD} = {1464008C-B2A5-4C6F-8F59-EB491F4658C0}
		{B27E2039-695D-4144-A2F1-1655113D5011} = {51660938-2A41-4D02-ACC1-5630E9643D20}
		{6A32B359-2518-45B5-A290-0CFE85730748} = {51660938-2A41-4D02-ACC1-5630E9643D20}
		{A4F98FC6-F8B4-41D7-BE9B-6A8938049D9B} = {B27E2039-695D-4144-A2F1-1655113D5011}
		{4CC5792A-228D-4245-B9AC-9487A1D465D0} = {6A32B359-2518-45B5-A290-0CFE85730748}
		{D2AAFC67-8E46-4D48-8CBE-6AE1FCAB5328} = {BAE90784-5017-41F3-B77A-E5E0E490D522}
		{7AADEFE8-1B99-40F0-A82A-6465CC29B21F} = {1464008C-B2A5-4C6F-8F59-EB491F4658C0}
		{157BB0E2-4D33-44C7-A8F5-849584E9A3B2} = {B27E2039-695D-4144-A2F1-1655113D5011}
		{E7362746-44EC-44BF-8E20-4B03AB6D134A} = {1464008C-B2A5-4C6F-8F59-EB491F4658C0}
	EndGlobalSection
	GlobalSection(ExtensibilityGlobals) = postSolution
		SolutionGuid = {D1640BA4-EDBC-40AD-B6F1-64B90C8CCF41}
	EndGlobalSection
EndGlobal
